
Microsoft Visual Studio Solution File, Format Version 12.00
# Visual Studio Version 17
VisualStudioVersion = 17.3.32929.385
MinimumVisualStudioVersion = 10.0.40219.1
Project("{FAE04EC0-301F-11D3-BF4B-00C04F79EFBC}") = "AjaxEjemplo", "AjaxEjemplo\AjaxEjemplo.csproj", "{5E8740FF-C707-4C1B-A0ED-A686087A4A7F}"
EndProject
Global
	GlobalSection(SolutionConfigurationPlatforms) = preSolution
		Debug|Any CPU = Debug|Any CPU
		Release|Any CPU = Release|Any CPU
	EndGlobalSection
	GlobalSection(ProjectConfigurationPlatforms) = postSolution
		{5E8740FF-C707-4C1B-A0ED-A686087A4A7F}.Debug|Any CPU.ActiveCfg = Debug|Any CPU
		{5E8740FF-C707-4C1B-A0ED-A686087A4A7F}.Debug|Any CPU.Build.0 = Debug|Any CPU
		{5E8740FF-C707-4C1B-A0ED-A686087A4A7F}.Release|Any CPU.ActiveCfg = Release|Any CPU
		{5E8740FF-C707-4C1B-A0ED-A686087A4A7F}.Release|Any CPU.Build.0 = Release|Any CPU
	EndGlobalSection
	GlobalSection(SolutionProperties) = preSolution
		HideSolutionNode = FALSE
	EndGlobalSection
	GlobalSection(ExtensibilityGlobals) = postSolution
		SolutionGuid = {08F8F9C8-294C-4897-8097-0AC8C3C48118}
	EndGlobalSection
EndGlobal
